
Microsoft Visual Studio Solution File, Format Version 12.00
Project("{FAE04EC0-301F-11D3-BF4B-00C04F79EFBC}") = "ZapoctovyTest", "ZapoctovyTest\ZapoctovyTest.csproj", "{D94D650F-8D29-4719-81C4-2D057C486CA3}"
EndProject
Project("{FAE04EC0-301F-11D3-BF4B-00C04F79EFBC}") = "UnitTests", "UnitTests\UnitTests.csproj", "{5714ADB2-D0EE-42B4-AF55-9BABB4CB2DB3}"
EndProject
Global
	GlobalSection(SolutionConfigurationPlatforms) = preSolution
		Debug|Any CPU = Debug|Any CPU
		Release|Any CPU = Release|Any CPU
	EndGlobalSection
	GlobalSection(ProjectConfigurationPlatforms) = postSolution
		{D94D650F-8D29-4719-81C4-2D057C486CA3}.Debug|Any CPU.ActiveCfg = Debug|Any CPU
		{D94D650F-8D29-4719-81C4-2D057C486CA3}.Debug|Any CPU.Build.0 = Debug|Any CPU
		{D94D650F-8D29-4719-81C4-2D057C486CA3}.Release|Any CPU.ActiveCfg = Release|Any CPU
		{D94D650F-8D29-4719-81C4-2D057C486CA3}.Release|Any CPU.Build.0 = Release|Any CPU
		{5714ADB2-D0EE-42B4-AF55-9BABB4CB2DB3}.Debug|Any CPU.ActiveCfg = Debug|Any CPU
		{5714ADB2-D0EE-42B4-AF55-9BABB4CB2DB3}.Debug|Any CPU.Build.0 = Debug|Any CPU
		{5714ADB2-D0EE-42B4-AF55-9BABB4CB2DB3}.Release|Any CPU.ActiveCfg = Release|Any CPU
		{5714ADB2-D0EE-42B4-AF55-9BABB4CB2DB3}.Release|Any CPU.Build.0 = Release|Any CPU
	EndGlobalSection
EndGlobal
